
Microsoft Visual Studio Solution File, Format Version 12.00
# Visual Studio Version 17
VisualStudioVersion = 17.9.34728.123
MinimumVisualStudioVersion = 10.0.40219.1
Project("{FAE04EC0-301F-11D3-BF4B-00C04F79EFBC}") = "Education1", "Education1\Education1.csproj", "{74E2AC8B-AAB9-4896-88B6-D24CE9981091}"
EndProject
Global
	GlobalSection(SolutionConfigurationPlatforms) = preSolution
		Debug|Any CPU = Debug|Any CPU
		Release|Any CPU = Release|Any CPU
	EndGlobalSection
	GlobalSection(ProjectConfigurationPlatforms) = postSolution
		{74E2AC8B-AAB9-4896-88B6-D24CE9981091}.Debug|Any CPU.ActiveCfg = Debug|Any CPU
		{74E2AC8B-AAB9-4896-88B6-D24CE9981091}.Debug|Any CPU.Build.0 = Debug|Any CPU
		{74E2AC8B-AAB9-4896-88B6-D24CE9981091}.Release|Any CPU.ActiveCfg = Release|Any CPU
		{74E2AC8B-AAB9-4896-88B6-D24CE9981091}.Release|Any CPU.Build.0 = Release|Any CPU
	EndGlobalSection
	GlobalSection(SolutionProperties) = preSolution
		HideSolutionNode = FALSE
	EndGlobalSection
	GlobalSection(ExtensibilityGlobals) = postSolution
		SolutionGuid = {988FC0E4-13CE-4104-A7BC-567FF88EA4ED}
	EndGlobalSection
EndGlobal
